Microsoft Visual Studio Solution File, Format Version 12.00
# Visual Studio 15
VisualStudioVersion = 15.0.27130.2020
MinimumVisualStudioVersion = 10.0.40219.1
Project("{F184B08F-C81C-45F6-A57F-5ABD9991F28F}") = "CustomColorSchemes", "CustomColorSchemes\CustomColorSchemes.vbproj", "{6504E9A4-8071-4E0B-9FCF-992D8E0DA4D8}"
EndProject
Global
	GlobalSection(SolutionConfigurationPlatforms) = preSolution
		Debug|Any CPU = Debug|Any CPU
		Release|Any CPU = Release|Any CPU
	EndGlobalSection
	GlobalSection(ProjectConfigurationPlatforms) = postSolution
		{6504E9A4-8071-4E0B-9FCF-992D8E0DA4D8}.Debug|Any CPU.ActiveCfg = Debug|Any CPU
		{6504E9A4-8071-4E0B-9FCF-992D8E0DA4D8}.Debug|Any CPU.Build.0 = Debug|Any CPU
		{6504E9A4-8071-4E0B-9FCF-992D8E0DA4D8}.Release|Any CPU.ActiveCfg = Release|Any CPU
		{6504E9A4-8071-4E0B-9FCF-992D8E0DA4D8}.Release|Any CPU.Build.0 = Release|Any CPU
	EndGlobalSection
	GlobalSection(SolutionProperties) = preSolution
		HideSolutionNode = FALSE
	EndGlobalSection
	GlobalSection(ExtensibilityGlobals) = postSolution
		SolutionGuid = {81F6CC1E-D811-483D-ACB6-A026ADC28D1D}
	EndGlobalSection
EndGlobal
